// !$*UTF8*$!
{
	archiveVersion = 1;
	classes = {
	};
	objectVersion = 46;
	objects = {

/* Begin PBXBuildFile section */
		0A8FBEFE179DBD1D0039BA29 /* libz.dylib in Frameworks */ = {isa = PBXBuildFile; fileRef = 0A8FBEFD179DBD1D0039BA29 /* libz.dylib */; };
		0A8FBF7C179E07320039BA29 /* png.c in Sources */ = {isa = PBXBuildFile; fileRef = 0A8FBF4A179DF0B80039BA29 /* png.c */; };
		0A8FBF7D179E07320039BA29 /* pngerror.c in Sources */ = {isa = PBXBuildFile; fileRef = 0A8FBF4B179DF0B80039BA29 /* pngerror.c */; };
		0A8FBF7E179E07320039BA29 /* pngget.c in Sources */ = {isa = PBXBuildFile; fileRef = 0A8FBF4C179DF0B80039BA29 /* pngget.c */; };
		0A8FBF7F179E07320039BA29 /* pngmem.c in Sources */ = {isa = PBXBuildFile; fileRef = 0A8FBF4E179DF0B80039BA29 /* pngmem.c */; };
		0A8FBF80179E07320039BA29 /* pngpread.c in Sources */ = {isa = PBXBuildFile; fileRef = 0A8FBF4F179DF0B80039BA29 /* pngpread.c */; };
		0A8FBF81179E07320039BA29 /* pngread.c in Sources */ = {isa = PBXBuildFile; fileRef = 0A8FBF50179DF0B80039BA29 /* pngread.c */; };
		0A8FBF82179E07320039BA29 /* pngrio.c in Sources */ = {isa = PBXBuildFile; fileRef = 0A8FBF51179DF0B80039BA29 /* pngrio.c */; };
		0A8FBF83179E07320039BA29 /* pngrtran.c in Sources */ = {isa = PBXBuildFile; fileRef = 0A8FBF52179DF0B80039BA29 /* pngrtran.c */; };
		0A8FBF84179E07320039BA29 /* pngrutil.c in Sources */ = {isa = PBXBuildFile; fileRef = 0A8FBF53179DF0B80039BA29 /* pngrutil.c */; };
		0A8FBF85179E07320039BA29 /* pngset.c in Sources */ = {isa = PBXBuildFile; fileRef = 0A8FBF54179DF0B80039BA29 /* pngset.c */; };
		0A8FBF86179E07320039BA29 /* pngtrans.c in Sources */ = {isa = PBXBuildFile; fileRef = 0A8FBF55179DF0B80039BA29 /* pngtrans.c */; };
		0A8FBF87179E07320039BA29 /* pngwio.c in Sources */ = {isa = PBXBuildFile; fileRef = 0A8FBF56179DF0B80039BA29 /* pngwio.c */; };
		0A8FBF88179E07320039BA29 /* pngwrite.c in Sources */ = {isa = PBXBuildFile; fileRef = 0A8FBF57179DF0B80039BA29 /* pngwrite.c */; };
		0A8FBF89179E07320039BA29 /* pngwtran.c in Sources */ = {isa = PBXBuildFile; fileRef = 0A8FBF58179DF0B80039BA29 /* pngwtran.c */; };
		0A8FBF8A179E07320039BA29 /* pngwutil.c in Sources */ = {isa = PBXBuildFile; fileRef = 0A8FBF59179DF0B80039BA29 /* pngwutil.c */; };
		0A8FBF8D179E07440039BA29 /* platform_asset_utils.m in Sources */ = {isa = PBXBuildFile; fileRef = 0A8FBF6D179DF3850039BA29 /* platform_asset_utils.m */; };
		0A8FBF8E179E07440039BA29 /* AppDelegate.m in Sources */ = {isa = PBXBuildFile; fileRef = 0ADF188B178E2185005DA99E /* AppDelegate.m */; };
		0A8FBF8F179E07440039BA29 /* ViewController.mm in Sources */ = {isa = PBXBuildFile; fileRef = 0ADF189E178E2185005DA99E /* ViewController.mm */; };
		0A8FBF90179E07440039BA29 /* main.m in Sources */ = {isa = PBXBuildFile; fileRef = 0ADF1887178E2185005DA99E /* main.m */; };
		0ADF1878178E2185005DA99E /* UIKit.framework in Frameworks */ = {isa = PBXBuildFile; fileRef = 0ADF1877178E2185005DA99E /* UIKit.framework */; };
		0ADF187A178E2185005DA99E /* Foundation.framework in Frameworks */ = {isa = PBXBuildFile; fileRef = 0ADF1879178E2185005DA99E /* Foundation.framework */; };
		0ADF187C178E2185005DA99E /* CoreGraphics.framework in Frameworks */ = {isa = PBXBuildFile; fileRef = 0ADF187B178E2185005DA99E /* CoreGraphics.framework */; };
		0ADF187E178E2185005DA99E /* GLKit.framework in Frameworks */ = {isa = PBXBuildFile; fileRef = 0ADF187D178E2185005DA99E /* GLKit.framework */; };
		0ADF1880178E2185005DA99E /* OpenGLES.framework in Frameworks */ = {isa = PBXBuildFile; fileRef = 0ADF187F178E2185005DA99E /* OpenGLES.framework */; };
		0ADF1886178E2185005DA99E /* InfoPlist.strings in Resources */ = {isa = PBXBuildFile; fileRef = 0ADF1884178E2185005DA99E /* InfoPlist.strings */; };
		0ADF188E178E2185005DA99E /* Default.png in Resources */ = {isa = PBXBuildFile; fileRef = 0ADF188D178E2185005DA99E /* Default.png */; };
		0ADF1890178E2185005DA99E /* Default@2x.png in Resources */ = {isa = PBXBuildFile; fileRef = 0ADF188F178E2185005DA99E /* Default@2x.png */; };
		0ADF1892178E2185005DA99E /* Default-568h@2x.png in Resources */ = {isa = PBXBuildFile; fileRef = 0ADF1891178E2185005DA99E /* Default-568h@2x.png */; };
		0ADF1895178E2185005DA99E /* MainStoryboard_iPhone.storyboard in Resources */ = {isa = PBXBuildFile; fileRef = 0ADF1893178E2185005DA99E /* MainStoryboard_iPhone.storyboard */; };
		0ADF1898178E2185005DA99E /* MainStoryboard_iPad.storyboard in Resources */ = {isa = PBXBuildFile; fileRef = 0ADF1896178E2185005DA99E /* MainStoryboard_iPad.storyboard */; };
		BB18E5511AC5B1E6006B755F /* GGDDeviceUtil.m in Sources */ = {isa = PBXBuildFile; fileRef = BB18E5501AC5B1E6006B755F /* GGDDeviceUtil.m */; };
		BB18E5751AC5B48D006B755F /* Assets.cpp in Sources */ = {isa = PBXBuildFile; fileRef = BB18E5521AC5B48C006B755F /* Assets.cpp */; };
		BB18E5761AC5B48D006B755F /* GameButton.cpp in Sources */ = {isa = PBXBuildFile; fileRef = BB18E5551AC5B48C006B755F /* GameButton.cpp */; };
		BB18E5781AC5B48D006B755F /* GameScreen.cpp in Sources */ = {isa = PBXBuildFile; fileRef = BB18E55A1AC5B48C006B755F /* GameScreen.cpp */; };
		BB18E5791AC5B48D006B755F /* Glove.cpp in Sources */ = {isa = PBXBuildFile; fileRef = BB18E55D1AC5B48C006B755F /* Glove.cpp */; };
		BB18E57A1AC5B48D006B755F /* Obstacle.cpp in Sources */ = {isa = PBXBuildFile; fileRef = BB18E55F1AC5B48C006B755F /* Obstacle.cpp */; };
		BB18E57B1AC5B48D006B755F /* game.cpp in Sources */ = {isa = PBXBuildFile; fileRef = BB18E5621AC5B48C006B755F /* game.cpp */; };
		BB18E57C1AC5B48D006B755F /* OpenGLESGameScreen.cpp in Sources */ = {isa = PBXBuildFile; fileRef = BB18E5641AC5B48C006B755F /* OpenGLESGameScreen.cpp */; };
		BB18E57D1AC5B48D006B755F /* OpenGLESRenderer.cpp in Sources */ = {isa = PBXBuildFile; fileRef = BB18E5661AC5B48C006B755F /* OpenGLESRenderer.cpp */; };
		BB18E57E1AC5B48D006B755F /* PlaneDynamicGameObject.cpp in Sources */ = {isa = PBXBuildFile; fileRef = BB18E5681AC5B48C006B755F /* PlaneDynamicGameObject.cpp */; };
		BB18E57F1AC5B48D006B755F /* PuffCloud.cpp in Sources */ = {isa = PBXBuildFile; fileRef = BB18E56B1AC5B48D006B755F /* PuffCloud.cpp */; };
		BB18E5801AC5B48D006B755F /* Renderer.cpp in Sources */ = {isa = PBXBuildFile; fileRef = BB18E56D1AC5B48D006B755F /* Renderer.cpp */; };
		BB18E5811AC5B48D006B755F /* SpikeGameObject.cpp in Sources */ = {isa = PBXBuildFile; fileRef = BB18E5711AC5B48D006B755F /* SpikeGameObject.cpp */; };
		BB18E5821AC5B48D006B755F /* World.cpp in Sources */ = {isa = PBXBuildFile; fileRef = BB18E5731AC5B48D006B755F /* World.cpp */; };
		BB18E5851AC5B58A006B755F /* GameListener.cpp in Sources */ = {isa = PBXBuildFile; fileRef = BB18E5831AC5B58A006B755F /* GameListener.cpp */; };
		BB4876611AC5A5D200C6CCE9 /* Circle.cpp in Sources */ = {isa = PBXBuildFile; fileRef = BB4875CC1AC5A5D200C6CCE9 /* Circle.cpp */; };
		BB48766E1AC5A5D200C6CCE9 /* DynamicGameObject.cpp in Sources */ = {isa = PBXBuildFile; fileRef = BB4875E71AC5A5D200C6CCE9 /* DynamicGameObject.cpp */; };
		BB48766F1AC5A5D200C6CCE9 /* DynamicGridGameObject.cpp in Sources */ = {isa = PBXBuildFile; fileRef = BB4875E91AC5A5D200C6CCE9 /* DynamicGridGameObject.cpp */; };
		BB4876701AC5A5D200C6CCE9 /* GameObject.cpp in Sources */ = {isa = PBXBuildFile; fileRef = BB4875EC1AC5A5D200C6CCE9 /* GameObject.cpp */; };
		BB4876711AC5A5D200C6CCE9 /* GridGameObject.cpp in Sources */ = {isa = PBXBuildFile; fileRef = BB4875EE1AC5A5D200C6CCE9 /* GridGameObject.cpp */; };
		BB4876721AC5A5D200C6CCE9 /* Line.cpp in Sources */ = {isa = PBXBuildFile; fileRef = BB4875F01AC5A5D200C6CCE9 /* Line.cpp */; };
		BB4876731AC5A5D200C6CCE9 /* asset_utils.c in Sources */ = {isa = PBXBuildFile; fileRef = BB4875F51AC5A5D200C6CCE9 /* asset_utils.c */; };
		BB4876741AC5A5D200C6CCE9 /* color_shader.fsh in Resources */ = {isa = PBXBuildFile; fileRef = BB4875F71AC5A5D200C6CCE9 /* color_shader.fsh */; };
		BB4876751AC5A5D200C6CCE9 /* color_shader.vsh in Resources */ = {isa = PBXBuildFile; fileRef = BB4875F81AC5A5D200C6CCE9 /* color_shader.vsh */; };
		BB4876761AC5A5D200C6CCE9 /* image.c in Sources */ = {isa = PBXBuildFile; fileRef = BB4875F91AC5A5D200C6CCE9 /* image.c */; };
		BB4876771AC5A5D200C6CCE9 /* OpenGLESCircleBatcher.cpp in Sources */ = {isa = PBXBuildFile; fileRef = BB4875FC1AC5A5D200C6CCE9 /* OpenGLESCircleBatcher.cpp */; };
		BB4876781AC5A5D200C6CCE9 /* OpenGLESLineBatcher.cpp in Sources */ = {isa = PBXBuildFile; fileRef = BB4875FE1AC5A5D200C6CCE9 /* OpenGLESLineBatcher.cpp */; };
		BB4876791AC5A5D200C6CCE9 /* OpenGLESManager.cpp in Sources */ = {isa = PBXBuildFile; fileRef = BB4876001AC5A5D200C6CCE9 /* OpenGLESManager.cpp */; };
		BB48767A1AC5A5D200C6CCE9 /* OpenGLESProgram.cpp in Sources */ = {isa = PBXBuildFile; fileRef = BB4876021AC5A5D200C6CCE9 /* OpenGLESProgram.cpp */; };
		BB48767B1AC5A5D200C6CCE9 /* OpenGLESRectangleBatcher.cpp in Sources */ = {isa = PBXBuildFile; fileRef = BB4876041AC5A5D200C6CCE9 /* OpenGLESRectangleBatcher.cpp */; };
		BB48767C1AC5A5D200C6CCE9 /* OpenGLESSpriteBatcher.cpp in Sources */ = {isa = PBXBuildFile; fileRef = BB4876061AC5A5D200C6CCE9 /* OpenGLESSpriteBatcher.cpp */; };
		BB48767D1AC5A5D200C6CCE9 /* platform_file_utils.c in Sources */ = {isa = PBXBuildFile; fileRef = BB4876091AC5A5D200C6CCE9 /* platform_file_utils.c */; };
		BB48767E1AC5A5D200C6CCE9 /* shader.c in Sources */ = {isa = PBXBuildFile; fileRef = BB48760B1AC5A5D200C6CCE9 /* shader.c */; };
		BB48767F1AC5A5D200C6CCE9 /* texture.c in Sources */ = {isa = PBXBuildFile; fileRef = BB48760D1AC5A5D200C6CCE9 /* texture.c */; };
		BB4876801AC5A5D200C6CCE9 /* texture_shader.fsh in Resources */ = {isa = PBXBuildFile; fileRef = BB48760F1AC5A5D200C6CCE9 /* texture_shader.fsh */; };
		BB4876811AC5A5D200C6CCE9 /* texture_shader.vsh in Resources */ = {isa = PBXBuildFile; fileRef = BB4876101AC5A5D200C6CCE9 /* texture_shader.vsh */; };
		BB4876821AC5A5D200C6CCE9 /* OverlapTester.cpp in Sources */ = {isa = PBXBuildFile; fileRef = BB4876111AC5A5D200C6CCE9 /* OverlapTester.cpp */; };
		BB4876831AC5A5D200C6CCE9 /* Rectangle.cpp in Sources */ = {isa = PBXBuildFile; fileRef = BB4876141AC5A5D200C6CCE9 /* Rectangle.cpp */; };
		BB4876841AC5A5D200C6CCE9 /* Triangle.cpp in Sources */ = {isa = PBXBuildFile; fileRef = BB4876161AC5A5D200C6CCE9 /* Triangle.cpp */; };
		BB4876851AC5A5D200C6CCE9 /* CircleBatcher.cpp in Sources */ = {isa = PBXBuildFile; fileRef = BB4876191AC5A5D200C6CCE9 /* CircleBatcher.cpp */; };
		BB4876861AC5A5D200C6CCE9 /* Font.cpp in Sources */ = {isa = PBXBuildFile; fileRef = BB48761B1AC5A5D200C6CCE9 /* Font.cpp */; };
		BB4876871AC5A5D200C6CCE9 /* LineBatcher.cpp in Sources */ = {isa = PBXBuildFile; fileRef = BB48761D1AC5A5D200C6CCE9 /* LineBatcher.cpp */; };
		BB4876881AC5A5D200C6CCE9 /* RectangleBatcher.cpp in Sources */ = {isa = PBXBuildFile; fileRef = BB48761F1AC5A5D200C6CCE9 /* RectangleBatcher.cpp */; };
		BB4876891AC5A5D200C6CCE9 /* SpriteBatcher.cpp in Sources */ = {isa = PBXBuildFile; fileRef = BB4876211AC5A5D200C6CCE9 /* SpriteBatcher.cpp */; };
		BB48768A1AC5A5D200C6CCE9 /* TextureRegion.cpp in Sources */ = {isa = PBXBuildFile; fileRef = BB4876231AC5A5D200C6CCE9 /* TextureRegion.cpp */; };
		BB48768B1AC5A5D200C6CCE9 /* TouchEvent.cpp in Sources */ = {isa = PBXBuildFile; fileRef = BB4876261AC5A5D200C6CCE9 /* TouchEvent.cpp */; };
		BB48768C1AC5A5D200C6CCE9 /* Vector2D.cpp in Sources */ = {isa = PBXBuildFile; fileRef = BB4876281AC5A5D200C6CCE9 /* Vector2D.cpp */; };
		BB7305DA189C598D009F6DF4 /* AppPrefs.m in Sources */ = {isa = PBXBuildFile; fileRef = BB7305D5189C598D009F6DF4 /* AppPrefs.m */; };
		BB7305DC189C598D009F6DF4 /* Sound.m in Sources */ = {isa = PBXBuildFile; fileRef = BB7305D9189C598D009F6DF4 /* Sound.m */; };
		BB7305E2189C6BFA009F6DF4 /* AudioToolbox.framework in Frameworks */ = {isa = PBXBuildFile; fileRef = BB7305E1189C6BFA009F6DF4 /* AudioToolbox.framework */; };
		BB7305E4189C6C06009F6DF4 /* AVFoundation.framework in Frameworks */ = {isa = PBXBuildFile; fileRef = BB7305E3189C6C06009F6DF4 /* AVFoundation.framework */; };
		BB861EB718AAE93400A00266 /* game.png in Resources */ = {isa = PBXBuildFile; fileRef = BB861EB618AAE93400A00266 /* game.png */; };
		BBA2EE6B18B6644200664736 /* background.png in Resources */ = {isa = PBXBuildFile; fileRef = BBA2EE6A18B6644200664736 /* background.png */; };
		BBAE1A7318B916D40079D8DA /* ascend.caf in Resources */ = {isa = PBXBuildFile; fileRef = BBAE1A6F18B916D40079D8DA /* ascend.caf */; };
		BBAE1A7418B916D40079D8DA /* hit.caf in Resources */ = {isa = PBXBuildFile; fileRef = BBAE1A7018B916D40079D8DA /* hit.caf */; };
		BBAE1A7518B916D40079D8DA /* land.caf in Resources */ = {isa = PBXBuildFile; fileRef = BBAE1A7118B916D40079D8DA /* land.caf */; };
		BBAE1A7618B916D40079D8DA /* score.caf in Resources */ = {isa = PBXBuildFile; fileRef = BBAE1A7218B916D40079D8DA /* score.caf */; };
		BBC2B9E818AEF8420009DD7F /* App iPad Non-Retina.png in Resources */ = {isa = PBXBuildFile; fileRef = BBC2B9DF18AEF8420009DD7F /* App iPad Non-Retina.png */; };
		BBC2B9E918AEF8420009DD7F /* App iPad Retina.png in Resources */ = {isa = PBXBuildFile; fileRef = BBC2B9E018AEF8420009DD7F /* App iPad Retina.png */; };
		BBC2B9EA18AEF8420009DD7F /* App iPhone Retina.png in Resources */ = {isa = PBXBuildFile; fileRef = BBC2B9E118AEF8420009DD7F /* App iPhone Retina.png */; };
		BBC2B9EB18AEF8420009DD7F /* Settings iPad Non-Retina.png in Resources */ = {isa = PBXBuildFile; fileRef = BBC2B9E218AEF8420009DD7F /* Settings iPad Non-Retina.png */; };
		BBC2B9EC18AEF8420009DD7F /* Settings iPad Retina.png in Resources */ = {isa = PBXBuildFile; fileRef = BBC2B9E318AEF8420009DD7F /* Settings iPad Retina.png */; };
		BBC2B9ED18AEF8420009DD7F /* Settings iPhone Retina.png in Resources */ = {isa = PBXBuildFile; fileRef = BBC2B9E418AEF8420009DD7F /* Settings iPhone Retina.png */; };
		BBC2B9EE18AEF8420009DD7F /* Spotlight iPad Non-Retina.png in Resources */ = {isa = PBXBuildFile; fileRef = BBC2B9E518AEF8420009DD7F /* Spotlight iPad Non-Retina.png */; };
		BBC2B9EF18AEF8420009DD7F /* Spotlight iPad Retina.png in Resources */ = {isa = PBXBuildFile; fileRef = BBC2B9E618AEF8420009DD7F /* Spotlight iPad Retina.png */; };
		BBC2B9F018AEF8420009DD7F /* Spotlight iPhone Retina.png in Resources */ = {isa = PBXBuildFile; fileRef = BBC2B9E718AEF8420009DD7F /* Spotlight iPhone Retina.png */; };
		BBC2B9F518AEF9A30009DD7F /* iPad Landscape Non-Retina.png in Resources */ = {isa = PBXBuildFile; fileRef = BBC2B9F118AEF9A30009DD7F /* iPad Landscape Non-Retina.png */; };
		BBC2B9F618AEF9A30009DD7F /* iPad Landscape Retina.png in Resources */ = {isa = PBXBuildFile; fileRef = BBC2B9F218AEF9A30009DD7F /* iPad Landscape Retina.png */; };
		BBC2B9F718AEF9A30009DD7F /* iPad Portrait Non-Retina.png in Resources */ = {isa = PBXBuildFile; fileRef = BBC2B9F318AEF9A30009DD7F /* iPad Portrait Non-Retina.png */; };
		BBC2B9F818AEF9A30009DD7F /* iPad Portrait Retina.png in Resources */ = {isa = PBXBuildFile; fileRef = BBC2B9F418AEF9A30009DD7F /* iPad Portrait Retina.png */; };
/* End PBXBuildFile section */

/* Begin PBXFileReference section */
		0A8FBEFD179DBD1D0039BA29 /* libz.dylib */ = {isa = PBXFileReference; lastKnownFileType = "compiled.mach-o.dylib"; name = libz.dylib; path = usr/lib/libz.dylib; sourceTree = SDKROOT; };
		0A8FBF4A179DF0B80039BA29 /* png.c */ = {isa = PBXFileReference; lastKnownFileType = sourcecode.c.c; name = png.c; path = ../../3rdparty/libpng/png.c; sourceTree = "<group>"; };
		0A8FBF4B179DF0B80039BA29 /* pngerror.c */ = {isa = PBXFileReference; lastKnownFileType = sourcecode.c.c; name = pngerror.c; path = ../../3rdparty/libpng/pngerror.c; sourceTree = "<group>"; };
		0A8FBF4C179DF0B80039BA29 /* pngget.c */ = {isa = PBXFileReference; lastKnownFileType = sourcecode.c.c; name = pngget.c; path = ../../3rdparty/libpng/pngget.c; sourceTree = "<group>"; };
		0A8FBF4E179DF0B80039BA29 /* pngmem.c */ = {isa = PBXFileReference; lastKnownFileType = sourcecode.c.c; name = pngmem.c; path = ../../3rdparty/libpng/pngmem.c; sourceTree = "<group>"; };
		0A8FBF4F179DF0B80039BA29 /* pngpread.c */ = {isa = PBXFileReference; lastKnownFileType = sourcecode.c.c; name = pngpread.c; path = ../../3rdparty/libpng/pngpread.c; sourceTree = "<group>"; };
		0A8FBF50179DF0B80039BA29 /* pngread.c */ = {isa = PBXFileReference; lastKnownFileType = sourcecode.c.c; name = pngread.c; path = ../../3rdparty/libpng/pngread.c; sourceTree = "<group>"; };
		0A8FBF51179DF0B80039BA29 /* pngrio.c */ = {isa = PBXFileReference; lastKnownFileType = sourcecode.c.c; name = pngrio.c; path = ../../3rdparty/libpng/pngrio.c; sourceTree = "<group>"; };
		0A8FBF52179DF0B80039BA29 /* pngrtran.c */ = {isa = PBXFileReference; lastKnownFileType = sourcecode.c.c; name = pngrtran.c; path = ../../3rdparty/libpng/pngrtran.c; sourceTree = "<group>"; };
		0A8FBF53179DF0B80039BA29 /* pngrutil.c */ = {isa = PBXFileReference; lastKnownFileType = sourcecode.c.c; name = pngrutil.c; path = ../../3rdparty/libpng/pngrutil.c; sourceTree = "<group>"; };
		0A8FBF54179DF0B80039BA29 /* pngset.c */ = {isa = PBXFileReference; lastKnownFileType = sourcecode.c.c; name = pngset.c; path = ../../3rdparty/libpng/pngset.c; sourceTree = "<group>"; };
		0A8FBF55179DF0B80039BA29 /* pngtrans.c */ = {isa = PBXFileReference; lastKnownFileType = sourcecode.c.c; name = pngtrans.c; path = ../../3rdparty/libpng/pngtrans.c; sourceTree = "<group>"; };
		0A8FBF56179DF0B80039BA29 /* pngwio.c */ = {isa = PBXFileReference; lastKnownFileType = sourcecode.c.c; name = pngwio.c; path = ../../3rdparty/libpng/pngwio.c; sourceTree = "<group>"; };
		0A8FBF57179DF0B80039BA29 /* pngwrite.c */ = {isa = PBXFileReference; lastKnownFileType = sourcecode.c.c; name = pngwrite.c; path = ../../3rdparty/libpng/pngwrite.c; sourceTree = "<group>"; };
		0A8FBF58179DF0B80039BA29 /* pngwtran.c */ = {isa = PBXFileReference; lastKnownFileType = sourcecode.c.c; name = pngwtran.c; path = ../../3rdparty/libpng/pngwtran.c; sourceTree = "<group>"; };
		0A8FBF59179DF0B80039BA29 /* pngwutil.c */ = {isa = PBXFileReference; lastKnownFileType = sourcecode.c.c; name = pngwutil.c; path = ../../3rdparty/libpng/pngwutil.c; sourceTree = "<group>"; };
		0A8FBF6D179DF3850039BA29 /* platform_asset_utils.m */ = {isa = PBXFileReference; fileEncoding = 4; lastKnownFileType = sourcecode.c.objc; path = platform_asset_utils.m; sourceTree = "<group>"; };
		0ABADED6178E2E7800DED9FD /* platform_gl.h */ = {isa = PBXFileReference; lastKnownFileType = sourcecode.c.h; path = platform_gl.h; sourceTree = "<group>"; };
		0ADF1874178E2185005DA99E /* Tappy Plane.app */ = {isa = PBXFileReference; explicitFileType = wrapper.application; includeInIndex = 0; path = "Tappy Plane.app"; sourceTree = BUILT_PRODUCTS_DIR; };
		0ADF1877178E2185005DA99E /* UIKit.framework */ = {isa = PBXFileReference; lastKnownFileType = wrapper.framework; name = UIKit.framework; path = System/Library/Frameworks/UIKit.framework; sourceTree = SDKROOT; };
		0ADF1879178E2185005DA99E /* Foundation.framework */ = {isa = PBXFileReference; lastKnownFileType = wrapper.framework; name = Foundation.framework; path = System/Library/Frameworks/Foundation.framework; sourceTree = SDKROOT; };
		0ADF187B178E2185005DA99E /* CoreGraphics.framework */ = {isa = PBXFileReference; lastKnownFileType = wrapper.framework; name = CoreGraphics.framework; path = System/Library/Frameworks/CoreGraphics.framework; sourceTree = SDKROOT; };
		0ADF187D178E2185005DA99E /* GLKit.framework */ = {isa = PBXFileReference; lastKnownFileType = wrapper.framework; name = GLKit.framework; path = System/Library/Frameworks/GLKit.framework; sourceTree = SDKROOT; };
		0ADF187F178E2185005DA99E /* OpenGLES.framework */ = {isa = PBXFileReference; lastKnownFileType = wrapper.framework; name = OpenGLES.framework; path = System/Library/Frameworks/OpenGLES.framework; sourceTree = SDKROOT; };
		0ADF1883178E2185005DA99E /* tappyplane-Info.plist */ = {isa = PBXFileReference; lastKnownFileType = text.plist.xml; path = "tappyplane-Info.plist"; sourceTree = "<group>"; };
		0ADF1885178E2185005DA99E /* en */ = {isa = PBXFileReference; lastKnownFileType = text.plist.strings; name = en; path = en.lproj/InfoPlist.strings; sourceTree = "<group>"; };
		0ADF1887178E2185005DA99E /* main.m */ = {isa = PBXFileReference; lastKnownFileType = sourcecode.c.objc; path = main.m; sourceTree = "<group>"; };
		0ADF1889178E2185005DA99E /* tappyplane-Prefix.pch */ = {isa = PBXFileReference; lastKnownFileType = sourcecode.c.h; path = "tappyplane-Prefix.pch"; sourceTree = "<group>"; };
		0ADF188A178E2185005DA99E /* AppDelegate.h */ = {isa = PBXFileReference; lastKnownFileType = sourcecode.c.h; path = AppDelegate.h; sourceTree = "<group>"; };
		0ADF188B178E2185005DA99E /* AppDelegate.m */ = {isa = PBXFileReference; lastKnownFileType = sourcecode.c.objc; path = AppDelegate.m; sourceTree = "<group>"; };
		0ADF188D178E2185005DA99E /* Default.png */ = {isa = PBXFileReference; lastKnownFileType = image.png; path = Default.png; sourceTree = "<group>"; };
		0ADF188F178E2185005DA99E /* Default@2x.png */ = {isa = PBXFileReference; lastKnownFileType = image.png; path = "Default@2x.png"; sourceTree = "<group>"; };
		0ADF1891178E2185005DA99E /* Default-568h@2x.png */ = {isa = PBXFileReference; lastKnownFileType = image.png; path = "Default-568h@2x.png"; sourceTree = "<group>"; };
		0ADF1894178E2185005DA99E /* en */ = {isa = PBXFileReference; lastKnownFileType = file.storyboard; name = en; path = en.lproj/MainStoryboard_iPhone.storyboard; sourceTree = "<group>"; };
		0ADF1897178E2185005DA99E /* en */ = {isa = PBXFileReference; lastKnownFileType = file.storyboard; name = en; path = en.lproj/MainStoryboard_iPad.storyboard; sourceTree = "<group>"; };
		0ADF189D178E2185005DA99E /* ViewController.h */ = {isa = PBXFileReference; lastKnownFileType = sourcecode.c.h; path = ViewController.h; sourceTree = "<group>"; };
		0ADF189E178E2185005DA99E /* ViewController.mm */ = {isa = PBXFileReference; lastKnownFileType = sourcecode.cpp.objcpp; path = ViewController.mm; sourceTree = "<group>"; };
		BB18E54F1AC5B1E6006B755F /* GGDDeviceUtil.h */ = {isa = PBXFileReference; fileEncoding = 4; lastKnownFileType = sourcecode.c.h; path = GGDDeviceUtil.h; sourceTree = "<group>"; };
		BB18E5501AC5B1E6006B755F /* GGDDeviceUtil.m */ = {isa = PBXFileReference; fileEncoding = 4; lastKnownFileType = sourcecode.c.objc; path = GGDDeviceUtil.m; sourceTree = "<group>"; };
		BB18E5521AC5B48C006B755F /* Assets.cpp */ = {isa = PBXFileReference; fileEncoding = 4; lastKnownFileType = sourcecode.cpp.cpp; path = Assets.cpp; sourceTree = "<group>"; };
		BB18E5531AC5B48C006B755F /* Assets.h */ = {isa = PBXFileReference; fileEncoding = 4; lastKnownFileType = sourcecode.c.h; path = Assets.h; sourceTree = "<group>"; };
		BB18E5541AC5B48C006B755F /* EnvironmentType.h */ = {isa = PBXFileReference; fileEncoding = 4; lastKnownFileType = sourcecode.c.h; path = EnvironmentType.h; sourceTree = "<group>"; };
		BB18E5551AC5B48C006B755F /* GameButton.cpp */ = {isa = PBXFileReference; fileEncoding = 4; lastKnownFileType = sourcecode.cpp.cpp; path = GameButton.cpp; sourceTree = "<group>"; };
		BB18E5561AC5B48C006B755F /* GameButton.h */ = {isa = PBXFileReference; fileEncoding = 4; lastKnownFileType = sourcecode.c.h; path = GameButton.h; sourceTree = "<group>"; };
		BB18E5571AC5B48C006B755F /* GameConstants.h */ = {isa = PBXFileReference; fileEncoding = 4; lastKnownFileType = sourcecode.c.h; path = GameConstants.h; sourceTree = "<group>"; };
		BB18E55A1AC5B48C006B755F /* GameScreen.cpp */ = {isa = PBXFileReference; fileEncoding = 4; lastKnownFileType = sourcecode.cpp.cpp; path = GameScreen.cpp; sourceTree = "<group>"; };
		BB18E55B1AC5B48C006B755F /* GameScreen.h */ = {isa = PBXFileReference; fileEncoding = 4; lastKnownFileType = sourcecode.c.h; path = GameScreen.h; sourceTree = "<group>"; };
		BB18E55C1AC5B48C006B755F /* GameState.h */ = {isa = PBXFileReference; fileEncoding = 4; lastKnownFileType = sourcecode.c.h; path = GameState.h; sourceTree = "<group>"; };
		BB18E55D1AC5B48C006B755F /* Glove.cpp */ = {isa = PBXFileReference; fileEncoding = 4; lastKnownFileType = sourcecode.cpp.cpp; path = Glove.cpp; sourceTree = "<group>"; };
		BB18E55E1AC5B48C006B755F /* Glove.h */ = {isa = PBXFileReference; fileEncoding = 4; lastKnownFileType = sourcecode.c.h; path = Glove.h; sourceTree = "<group>"; };
		BB18E55F1AC5B48C006B755F /* Obstacle.cpp */ = {isa = PBXFileReference; fileEncoding = 4; lastKnownFileType = sourcecode.cpp.cpp; path = Obstacle.cpp; sourceTree = "<group>"; };
		BB18E5601AC5B48C006B755F /* Obstacle.h */ = {isa = PBXFileReference; fileEncoding = 4; lastKnownFileType = sourcecode.c.h; path = Obstacle.h; sourceTree = "<group>"; };
		BB18E5621AC5B48C006B755F /* game.cpp */ = {isa = PBXFileReference; fileEncoding = 4; lastKnownFileType = sourcecode.cpp.cpp; path = game.cpp; sourceTree = "<group>"; };
		BB18E5631AC5B48C006B755F /* game.h */ = {isa = PBXFileReference; fileEncoding = 4; lastKnownFileType = sourcecode.c.h; path = game.h; sourceTree = "<group>"; };
		BB18E5641AC5B48C006B755F /* OpenGLESGameScreen.cpp */ = {isa = PBXFileReference; fileEncoding = 4; lastKnownFileType = sourcecode.cpp.cpp; path = OpenGLESGameScreen.cpp; sourceTree = "<group>"; };
		BB18E5651AC5B48C006B755F /* OpenGLESGameScreen.h */ = {isa = PBXFileReference; fileEncoding = 4; lastKnownFileType = sourcecode.c.h; path = OpenGLESGameScreen.h; sourceTree = "<group>"; };
		BB18E5661AC5B48C006B755F /* OpenGLESRenderer.cpp */ = {isa = PBXFileReference; fileEncoding = 4; lastKnownFileType = sourcecode.cpp.cpp; path = OpenGLESRenderer.cpp; sourceTree = "<group>"; };
		BB18E5671AC5B48C006B755F /* OpenGLESRenderer.h */ = {isa = PBXFileReference; fileEncoding = 4; lastKnownFileType = sourcecode.c.h; path = OpenGLESRenderer.h; sourceTree = "<group>"; };
		BB18E5681AC5B48C006B755F /* PlaneDynamicGameObject.cpp */ = {isa = PBXFileReference; fileEncoding = 4; lastKnownFileType = sourcecode.cpp.cpp; path = PlaneDynamicGameObject.cpp; sourceTree = "<group>"; };
		BB18E5691AC5B48D006B755F /* PlaneDynamicGameObject.h */ = {isa = PBXFileReference; fileEncoding = 4; lastKnownFileType = sourcecode.c.h; path = PlaneDynamicGameObject.h; sourceTree = "<group>"; };
		BB18E56A1AC5B48D006B755F /* PlaneType.h */ = {isa = PBXFileReference; fileEncoding = 4; lastKnownFileType = sourcecode.c.h; path = PlaneType.h; sourceTree = "<group>"; };
		BB18E56B1AC5B48D006B755F /* PuffCloud.cpp */ = {isa = PBXFileReference; fileEncoding = 4; lastKnownFileType = sourcecode.cpp.cpp; path = PuffCloud.cpp; sourceTree = "<group>"; };
		BB18E56C1AC5B48D006B755F /* PuffCloud.h */ = {isa = PBXFileReference; fileEncoding = 4; lastKnownFileType = sourcecode.c.h; path = PuffCloud.h; sourceTree = "<group>"; };
		BB18E56D1AC5B48D006B755F /* Renderer.cpp */ = {isa = PBXFileReference; fileEncoding = 4; lastKnownFileType = sourcecode.cpp.cpp; path = Renderer.cpp; sourceTree = "<group>"; };
		BB18E56E1AC5B48D006B755F /* Renderer.h */ = {isa = PBXFileReference; fileEncoding = 4; lastKnownFileType = sourcecode.c.h; path = Renderer.h; sourceTree = "<group>"; };
		BB18E56F1AC5B48D006B755F /* ResourceConstants.h */ = {isa = PBXFileReference; fileEncoding = 4; lastKnownFileType = sourcecode.c.h; path = ResourceConstants.h; sourceTree = "<group>"; };
		BB18E5701AC5B48D006B755F /* ScreenState.h */ = {isa = PBXFileReference; fileEncoding = 4; lastKnownFileType = sourcecode.c.h; path = ScreenState.h; sourceTree = "<group>"; };
		BB18E5711AC5B48D006B755F /* SpikeGameObject.cpp */ = {isa = PBXFileReference; fileEncoding = 4; lastKnownFileType = sourcecode.cpp.cpp; path = SpikeGameObject.cpp; sourceTree = "<group>"; };
		BB18E5721AC5B48D006B755F /* SpikeGameObject.h */ = {isa = PBXFileReference; fileEncoding = 4; lastKnownFileType = sourcecode.c.h; path = SpikeGameObject.h; sourceTree = "<group>"; };
		BB18E5731AC5B48D006B755F /* World.cpp */ = {isa = PBXFileReference; fileEncoding = 4; lastKnownFileType = sourcecode.cpp.cpp; path = World.cpp; sourceTree = "<group>"; };
		BB18E5741AC5B48D006B755F /* World.h */ = {isa = PBXFileReference; fileEncoding = 4; lastKnownFileType = sourcecode.c.h; path = World.h; sourceTree = "<group>"; };
		BB18E5831AC5B58A006B755F /* GameListener.cpp */ = {isa = PBXFileReference; fileEncoding = 4; lastKnownFileType = sourcecode.cpp.cpp; path = GameListener.cpp; sourceTree = "<group>"; };
		BB18E5841AC5B58A006B755F /* GameListener.h */ = {isa = PBXFileReference; fileEncoding = 4; lastKnownFileType = sourcecode.c.h; path = GameListener.h; sourceTree = "<group>"; };
		BB430E1E189313C600E4EAE1 /* png.h */ = {isa = PBXFileReference; fileEncoding = 4; lastKnownFileType = sourcecode.c.h; name = png.h; path = ../../3rdparty/libpng/png.h; sourceTree = "<group>"; };
		BB430E1F189313C600E4EAE1 /* pngconf.h */ = {isa = PBXFileReference; fileEncoding = 4; lastKnownFileType = sourcecode.c.h; name = pngconf.h; path = ../../3rdparty/libpng/pngconf.h; sourceTree = "<group>"; };
		BB430E20189313C600E4EAE1 /* pngdebug.h */ = {isa = PBXFileReference; fileEncoding = 4; lastKnownFileType = sourcecode.c.h; name = pngdebug.h; path = ../../3rdparty/libpng/pngdebug.h; sourceTree = "<group>"; };
		BB430E21189313C600E4EAE1 /* pnginfo.h */ = {isa = PBXFileReference; fileEncoding = 4; lastKnownFileType = sourcecode.c.h; name = pnginfo.h; path = ../../3rdparty/libpng/pnginfo.h; sourceTree = "<group>"; };
		BB430E22189313C600E4EAE1 /* pnglibconf.h */ = {isa = PBXFileReference; fileEncoding = 4; lastKnownFileType = sourcecode.c.h; name = pnglibconf.h; path = ../../3rdparty/libpng/pnglibconf.h; sourceTree = "<group>"; };
		BB430E23189313C600E4EAE1 /* pngpriv.h */ = {isa = PBXFileReference; fileEncoding = 4; lastKnownFileType = sourcecode.c.h; name = pngpriv.h; path = ../../3rdparty/libpng/pngpriv.h; sourceTree = "<group>"; };
		BB430E24189313C600E4EAE1 /* pngstruct.h */ = {isa = PBXFileReference; fileEncoding = 4; lastKnownFileType = sourcecode.c.h; name = pngstruct.h; path = ../../3rdparty/libpng/pngstruct.h; sourceTree = "<group>"; };
		BB4875CC1AC5A5D200C6CCE9 /* Circle.cpp */ = {isa = PBXFileReference; fileEncoding = 4; lastKnownFileType = sourcecode.cpp.cpp; path = Circle.cpp; sourceTree = "<group>"; };
		BB4875CD1AC5A5D200C6CCE9 /* Circle.h */ = {isa = PBXFileReference; fileEncoding = 4; lastKnownFileType = sourcecode.c.h; path = Circle.h; sourceTree = "<group>"; };
		BB4875CE1AC5A5D200C6CCE9 /* Color.h */ = {isa = PBXFileReference; fileEncoding = 4; lastKnownFileType = sourcecode.c.h; path = Color.h; sourceTree = "<group>"; };
		BB4875E71AC5A5D200C6CCE9 /* DynamicGameObject.cpp */ = {isa = PBXFileReference; fileEncoding = 4; lastKnownFileType = sourcecode.cpp.cpp; path = DynamicGameObject.cpp; sourceTree = "<group>"; };
		BB4875E81AC5A5D200C6CCE9 /* DynamicGameObject.h */ = {isa = PBXFileReference; fileEncoding = 4; lastKnownFileType = sourcecode.c.h; path = DynamicGameObject.h; sourceTree = "<group>"; };
		BB4875E91AC5A5D200C6CCE9 /* DynamicGridGameObject.cpp */ = {isa = PBXFileReference; fileEncoding = 4; lastKnownFileType = sourcecode.cpp.cpp; path = DynamicGridGameObject.cpp; sourceTree = "<group>"; };
		BB4875EA1AC5A5D200C6CCE9 /* DynamicGridGameObject.h */ = {isa = PBXFileReference; fileEncoding = 4; lastKnownFileType = sourcecode.c.h; path = DynamicGridGameObject.h; sourceTree = "<group>"; };
		BB4875EB1AC5A5D200C6CCE9 /* FlagUtil.h */ = {isa = PBXFileReference; fileEncoding = 4; lastKnownFileType = sourcecode.c.h; path = FlagUtil.h; sourceTree = "<group>"; };
		BB4875EC1AC5A5D200C6CCE9 /* GameObject.cpp */ = {isa = PBXFileReference; fileEncoding = 4; lastKnownFileType = sourcecode.cpp.cpp; path = GameObject.cpp; sourceTree = "<group>"; };
		BB4875ED1AC5A5D200C6CCE9 /* GameObject.h */ = {isa = PBXFileReference; fileEncoding = 4; lastKnownFileType = sourcecode.c.h; path = GameObject.h; sourceTree = "<group>"; };
		BB4875EE1AC5A5D200C6CCE9 /* GridGameObject.cpp */ = {isa = PBXFileReference; fileEncoding = 4; lastKnownFileType = sourcecode.cpp.cpp; path = GridGameObject.cpp; sourceTree = "<group>"; };
		BB4875EF1AC5A5D200C6CCE9 /* GridGameObject.h */ = {isa = PBXFileReference; fileEncoding = 4; lastKnownFileType = sourcecode.c.h; path = GridGameObject.h; sourceTree = "<group>"; };
		BB4875F01AC5A5D200C6CCE9 /* Line.cpp */ = {isa = PBXFileReference; fileEncoding = 4; lastKnownFileType = sourcecode.cpp.cpp; path = Line.cpp; sourceTree = "<group>"; };
		BB4875F11AC5A5D200C6CCE9 /* Line.h */ = {isa = PBXFileReference; fileEncoding = 4; lastKnownFileType = sourcecode.c.h; path = Line.h; sourceTree = "<group>"; };
		BB4875F21AC5A5D200C6CCE9 /* macros.h */ = {isa = PBXFileReference; fileEncoding = 4; lastKnownFileType = sourcecode.c.h; path = macros.h; sourceTree = "<group>"; };
		BB4875F31AC5A5D200C6CCE9 /* Node.h */ = {isa = PBXFileReference; fileEncoding = 4; lastKnownFileType = sourcecode.c.h; path = Node.h; sourceTree = "<group>"; };
		BB4875F51AC5A5D200C6CCE9 /* asset_utils.c */ = {isa = PBXFileReference; fileEncoding = 4; lastKnownFileType = sourcecode.c.c; path = asset_utils.c; sourceTree = "<group>"; };
		BB4875F61AC5A5D200C6CCE9 /* asset_utils.h */ = {isa = PBXFileReference; fileEncoding = 4; lastKnownFileType = sourcecode.c.h; path = asset_utils.h; sourceTree = "<group>"; };
		BB4875F71AC5A5D200C6CCE9 /* color_shader.fsh */ = {isa = PBXFileReference; fileEncoding = 4; lastKnownFileType = sourcecode.glsl; path = color_shader.fsh; sourceTree = "<group>"; };
		BB4875F81AC5A5D200C6CCE9 /* color_shader.vsh */ = {isa = PBXFileReference; fileEncoding = 4; lastKnownFileType = sourcecode.glsl; path = color_shader.vsh; sourceTree = "<group>"; };
		BB4875F91AC5A5D200C6CCE9 /* image.c */ = {isa = PBXFileReference; fileEncoding = 4; lastKnownFileType = sourcecode.c.c; path = image.c; sourceTree = "<group>"; };
		BB4875FA1AC5A5D200C6CCE9 /* image.h */ = {isa = PBXFileReference; fileEncoding = 4; lastKnownFileType = sourcecode.c.h; path = image.h; sourceTree = "<group>"; };
		BB4875FB1AC5A5D200C6CCE9 /* linmath.h */ = {isa = PBXFileReference; fileEncoding = 4; lastKnownFileType = sourcecode.c.h; path = linmath.h; sourceTree = "<group>"; };
		BB4875FC1AC5A5D200C6CCE9 /* OpenGLESCircleBatcher.cpp */ = {isa = PBXFileReference; fileEncoding = 4; lastKnownFileType = sourcecode.cpp.cpp; path = OpenGLESCircleBatcher.cpp; sourceTree = "<group>"; };
		BB4875FD1AC5A5D200C6CCE9 /* OpenGLESCircleBatcher.h */ = {isa = PBXFileReference; fileEncoding = 4; lastKnownFileType = sourcecode.c.h; path = OpenGLESCircleBatcher.h; sourceTree = "<group>"; };
		BB4875FE1AC5A5D200C6CCE9 /* OpenGLESLineBatcher.cpp */ = {isa = PBXFileReference; fileEncoding = 4; lastKnownFileType = sourcecode.cpp.cpp; path = OpenGLESLineBatcher.cpp; sourceTree = "<group>"; };
		BB4875FF1AC5A5D200C6CCE9 /* OpenGLESLineBatcher.h */ = {isa = PBXFileReference; fileEncoding = 4; lastKnownFileType = sourcecode.c.h; path = OpenGLESLineBatcher.h; sourceTree = "<group>"; };
		BB4876001AC5A5D200C6CCE9 /* OpenGLESManager.cpp */ = {isa = PBXFileReference; fileEncoding = 4; lastKnownFileType = sourcecode.cpp.cpp; path = OpenGLESManager.cpp; sourceTree = "<group>"; };
		BB4876011AC5A5D200C6CCE9 /* OpenGLESManager.h */ = {isa = PBXFileReference; fileEncoding = 4; lastKnownFileType = sourcecode.c.h; path = OpenGLESManager.h; sourceTree = "<group>"; };
		BB4876021AC5A5D200C6CCE9 /* OpenGLESProgram.cpp */ = {isa = PBXFileReference; fileEncoding = 4; lastKnownFileType = sourcecode.cpp.cpp; path = OpenGLESProgram.cpp; sourceTree = "<group>"; };
		BB4876031AC5A5D200C6CCE9 /* OpenGLESProgram.h */ = {isa = PBXFileReference; fileEncoding = 4; lastKnownFileType = sourcecode.c.h; path = OpenGLESProgram.h; sourceTree = "<group>"; };
		BB4876041AC5A5D200C6CCE9 /* OpenGLESRectangleBatcher.cpp */ = {isa = PBXFileReference; fileEncoding = 4; lastKnownFileType = sourcecode.cpp.cpp; path = OpenGLESRectangleBatcher.cpp; sourceTree = "<group>"; };
		BB4876051AC5A5D200C6CCE9 /* OpenGLESRectangleBatcher.h */ = {isa = PBXFileReference; fileEncoding = 4; lastKnownFileType = sourcecode.c.h; path = OpenGLESRectangleBatcher.h; sourceTree = "<group>"; };
		BB4876061AC5A5D200C6CCE9 /* OpenGLESSpriteBatcher.cpp */ = {isa = PBXFileReference; fileEncoding = 4; lastKnownFileType = sourcecode.cpp.cpp; path = OpenGLESSpriteBatcher.cpp; sourceTree = "<group>"; };
		BB4876071AC5A5D200C6CCE9 /* OpenGLESSpriteBatcher.h */ = {isa = PBXFileReference; fileEncoding = 4; lastKnownFileType = sourcecode.c.h; path = OpenGLESSpriteBatcher.h; sourceTree = "<group>"; };
		BB4876081AC5A5D200C6CCE9 /* platform_asset_utils.h */ = {isa = PBXFileReference; fileEncoding = 4; lastKnownFileType = sourcecode.c.h; path = platform_asset_utils.h; sourceTree = "<group>"; };
		BB4876091AC5A5D200C6CCE9 /* platform_file_utils.c */ = {isa = PBXFileReference; fileEncoding = 4; lastKnownFileType = sourcecode.c.c; path = platform_file_utils.c; sourceTree = "<group>"; };
		BB48760A1AC5A5D200C6CCE9 /* platform_file_utils.h */ = {isa = PBXFileReference; fileEncoding = 4; lastKnownFileType = sourcecode.c.h; path = platform_file_utils.h; sourceTree = "<group>"; };
		BB48760B1AC5A5D200C6CCE9 /* shader.c */ = {isa = PBXFileReference; fileEncoding = 4; lastKnownFileType = sourcecode.c.c; path = shader.c; sourceTree = "<group>"; };
		BB48760C1AC5A5D200C6CCE9 /* shader.h */ = {isa = PBXFileReference; fileEncoding = 4; lastKnownFileType = sourcecode.c.h; path = shader.h; sourceTree = "<group>"; };
		BB48760D1AC5A5D200C6CCE9 /* texture.c */ = {isa = PBXFileReference; fileEncoding = 4; lastKnownFileType = sourcecode.c.c; path = texture.c; sourceTree = "<group>"; };
		BB48760E1AC5A5D200C6CCE9 /* texture.h */ = {isa = PBXFileReference; fileEncoding = 4; lastKnownFileType = sourcecode.c.h; path = texture.h; sourceTree = "<group>"; };
		BB48760F1AC5A5D200C6CCE9 /* texture_shader.fsh */ = {isa = PBXFileReference; fileEncoding = 4; lastKnownFileType = sourcecode.glsl; path = texture_shader.fsh; sourceTree = "<group>"; };
		BB4876101AC5A5D200C6CCE9 /* texture_shader.vsh */ = {isa = PBXFileReference; fileEncoding = 4; lastKnownFileType = sourcecode.glsl; path = texture_shader.vsh; sourceTree = "<group>"; };
		BB4876111AC5A5D200C6CCE9 /* OverlapTester.cpp */ = {isa = PBXFileReference; fileEncoding = 4; lastKnownFileType = sourcecode.cpp.cpp; path = OverlapTester.cpp; sourceTree = "<group>"; };
		BB4876121AC5A5D200C6CCE9 /* OverlapTester.h */ = {isa = PBXFileReference; fileEncoding = 4; lastKnownFileType = sourcecode.c.h; path = OverlapTester.h; sourceTree = "<group>"; };
		BB4876131AC5A5D200C6CCE9 /* pch.h */ = {isa = PBXFileReference; fileEncoding = 4; lastKnownFileType = sourcecode.c.h; path = pch.h; sourceTree = "<group>"; };
		BB4876141AC5A5D200C6CCE9 /* Rectangle.cpp */ = {isa = PBXFileReference; fileEncoding = 4; lastKnownFileType = sourcecode.cpp.cpp; path = Rectangle.cpp; sourceTree = "<group>"; };
		BB4876151AC5A5D200C6CCE9 /* Rectangle.h */ = {isa = PBXFileReference; fileEncoding = 4; lastKnownFileType = sourcecode.c.h; path = Rectangle.h; sourceTree = "<group>"; };
		BB4876161AC5A5D200C6CCE9 /* Triangle.cpp */ = {isa = PBXFileReference; fileEncoding = 4; lastKnownFileType = sourcecode.cpp.cpp; path = Triangle.cpp; sourceTree = "<group>"; };
		BB4876171AC5A5D200C6CCE9 /* Triangle.h */ = {isa = PBXFileReference; fileEncoding = 4; lastKnownFileType = sourcecode.c.h; path = Triangle.h; sourceTree = "<group>"; };
		BB4876191AC5A5D200C6CCE9 /* CircleBatcher.cpp */ = {isa = PBXFileReference; fileEncoding = 4; lastKnownFileType = sourcecode.cpp.cpp; path = CircleBatcher.cpp; sourceTree = "<group>"; };
		BB48761A1AC5A5D200C6CCE9 /* CircleBatcher.h */ = {isa = PBXFileReference; fileEncoding = 4; lastKnownFileType = sourcecode.c.h; path = CircleBatcher.h; sourceTree = "<group>"; };
		BB48761B1AC5A5D200C6CCE9 /* Font.cpp */ = {isa = PBXFileReference; fileEncoding = 4; lastKnownFileType = sourcecode.cpp.cpp; path = Font.cpp; sourceTree = "<group>"; };
		BB48761C1AC5A5D200C6CCE9 /* Font.h */ = {isa = PBXFileReference; fileEncoding = 4; lastKnownFileType = sourcecode.c.h; path = Font.h; sourceTree = "<group>"; };
		BB48761D1AC5A5D200C6CCE9 /* LineBatcher.cpp */ = {isa = PBXFileReference; fileEncoding = 4; lastKnownFileType = sourcecode.cpp.cpp; path = LineBatcher.cpp; sourceTree = "<group>"; };
		BB48761E1AC5A5D200C6CCE9 /* LineBatcher.h */ = {isa = PBXFileReference; fileEncoding = 4; lastKnownFileType = sourcecode.c.h; path = LineBatcher.h; sourceTree = "<group>"; };
		BB48761F1AC5A5D200C6CCE9 /* RectangleBatcher.cpp */ = {isa = PBXFileReference; fileEncoding = 4; lastKnownFileType = sourcecode.cpp.cpp; path = RectangleBatcher.cpp; sourceTree = "<group>"; };
		BB4876201AC5A5D200C6CCE9 /* RectangleBatcher.h */ = {isa = PBXFileReference; fileEncoding = 4; lastKnownFileType = sourcecode.c.h; path = RectangleBatcher.h; sourceTree = "<group>"; };
		BB4876211AC5A5D200C6CCE9 /* SpriteBatcher.cpp */ = {isa = PBXFileReference; fileEncoding = 4; lastKnownFileType = sourcecode.cpp.cpp; path = SpriteBatcher.cpp; sourceTree = "<group>"; };
		BB4876221AC5A5D200C6CCE9 /* SpriteBatcher.h */ = {isa = PBXFileReference; fileEncoding = 4; lastKnownFileType = sourcecode.c.h; path = SpriteBatcher.h; sourceTree = "<group>"; };
		BB4876231AC5A5D200C6CCE9 /* TextureRegion.cpp */ = {isa = PBXFileReference; fileEncoding = 4; lastKnownFileType = sourcecode.cpp.cpp; path = TextureRegion.cpp; sourceTree = "<group>"; };
		BB4876241AC5A5D200C6CCE9 /* TextureRegion.h */ = {isa = PBXFileReference; fileEncoding = 4; lastKnownFileType = sourcecode.c.h; path = TextureRegion.h; sourceTree = "<group>"; };
		BB4876251AC5A5D200C6CCE9 /* TextureWrapper.h */ = {isa = PBXFileReference; fileEncoding = 4; lastKnownFileType = sourcecode.c.h; path = TextureWrapper.h; sourceTree = "<group>"; };
		BB4876261AC5A5D200C6CCE9 /* TouchEvent.cpp */ = {isa = PBXFileReference; fileEncoding = 4; lastKnownFileType = sourcecode.cpp.cpp; path = TouchEvent.cpp; sourceTree = "<group>"; };
		BB4876271AC5A5D200C6CCE9 /* TouchEvent.h */ = {isa = PBXFileReference; fileEncoding = 4; lastKnownFileType = sourcecode.c.h; path = TouchEvent.h; sourceTree = "<group>"; };
		BB4876281AC5A5D200C6CCE9 /* Vector2D.cpp */ = {isa = PBXFileReference; fileEncoding = 4; lastKnownFileType = sourcecode.cpp.cpp; path = Vector2D.cpp; sourceTree = "<group>"; };
		BB4876291AC5A5D200C6CCE9 /* Vector2D.h */ = {isa = PBXFileReference; fileEncoding = 4; lastKnownFileType = sourcecode.c.h; path = Vector2D.h; sourceTree = "<group>"; };
		BB7305D4189C598C009F6DF4 /* AppPrefs.h */ = {isa = PBXFileReference; fileEncoding = 4; lastKnownFileType = sourcecode.c.h; path = AppPrefs.h; sourceTree = "<group>"; };
		BB7305D5189C598D009F6DF4 /* AppPrefs.m */ = {isa = PBXFileReference; fileEncoding = 4; lastKnownFileType = sourcecode.c.objc; path = AppPrefs.m; sourceTree = "<group>"; };
		BB7305D8189C598D009F6DF4 /* Sound.h */ = {isa = PBXFileReference; fileEncoding = 4; lastKnownFileType = sourcecode.c.h; path = Sound.h; sourceTree = "<group>"; };
		BB7305D9189C598D009F6DF4 /* Sound.m */ = {isa = PBXFileReference; fileEncoding = 4; lastKnownFileType = sourcecode.c.objc; path = Sound.m; sourceTree = "<group>"; };
		BB7305E1189C6BFA009F6DF4 /* AudioToolbox.framework */ = {isa = PBXFileReference; lastKnownFileType = wrapper.framework; name = AudioToolbox.framework; path = System/Library/Frameworks/AudioToolbox.framework; sourceTree = SDKROOT; };
		BB7305E3189C6C06009F6DF4 /* AVFoundation.framework */ = {isa = PBXFileReference; lastKnownFileType = wrapper.framework; name = AVFoundation.framework; path = System/Library/Frameworks/AVFoundation.framework; sourceTree = SDKROOT; };
		BB861EB618AAE93400A00266 /* game.png */ = {isa = PBXFileReference; lastKnownFileType = image.png; path = game.png; sourceTree = "<group>"; };
		BBA2EE6A18B6644200664736 /* background.png */ = {isa = PBXFileReference; lastKnownFileType = image.png; path = background.png; sourceTree = "<group>"; };
		BBAE1A6F18B916D40079D8DA /* ascend.caf */ = {isa = PBXFileReference; lastKnownFileType = file; path = ascend.caf; sourceTree = "<group>"; };
		BBAE1A7018B916D40079D8DA /* hit.caf */ = {isa = PBXFileReference; lastKnownFileType = file; path = hit.caf; sourceTree = "<group>"; };
		BBAE1A7118B916D40079D8DA /* land.caf */ = {isa = PBXFileReference; lastKnownFileType = file; path = land.caf; sourceTree = "<group>"; };
		BBAE1A7218B916D40079D8DA /* score.caf */ = {isa = PBXFileReference; lastKnownFileType = file; path = score.caf; sourceTree = "<group>"; };
		BBC2B9DF18AEF8420009DD7F /* App iPad Non-Retina.png */ = {isa = PBXFileReference; lastKnownFileType = image.png; path = "App iPad Non-Retina.png"; sourceTree = "<group>"; };
		BBC2B9E018AEF8420009DD7F /* App iPad Retina.png */ = {isa = PBXFileReference; lastKnownFileType = image.png; path = "App iPad Retina.png"; sourceTree = "<group>"; };
		BBC2B9E118AEF8420009DD7F /* App iPhone Retina.png */ = {isa = PBXFileReference; lastKnownFileType = image.png; path = "App iPhone Retina.png"; sourceTree = "<group>"; };
		BBC2B9E218AEF8420009DD7F /* Settings iPad Non-Retina.png */ = {isa = PBXFileReference; lastKnownFileType = image.png; path = "Settings iPad Non-Retina.png"; sourceTree = "<group>"; };
		BBC2B9E318AEF8420009DD7F /* Settings iPad Retina.png */ = {isa = PBXFileReference; lastKnownFileType = image.png; path = "Settings iPad Retina.png"; sourceTree = "<group>"; };
		BBC2B9E418AEF8420009DD7F /* Settings iPhone Retina.png */ = {isa = PBXFileReference; lastKnownFileType = image.png; path = "Settings iPhone Retina.png"; sourceTree = "<group>"; };
		BBC2B9E518AEF8420009DD7F /* Spotlight iPad Non-Retina.png */ = {isa = PBXFileReference; lastKnownFileType = image.png; path = "Spotlight iPad Non-Retina.png"; sourceTree = "<group>"; };
		BBC2B9E618AEF8420009DD7F /* Spotlight iPad Retina.png */ = {isa = PBXFileReference; lastKnownFileType = image.png; path = "Spotlight iPad Retina.png"; sourceTree = "<group>"; };
		BBC2B9E718AEF8420009DD7F /* Spotlight iPhone Retina.png */ = {isa = PBXFileReference; lastKnownFileType = image.png; path = "Spotlight iPhone Retina.png"; sourceTree = "<group>"; };
		BBC2B9F118AEF9A30009DD7F /* iPad Landscape Non-Retina.png */ = {isa = PBXFileReference; lastKnownFileType = image.png; path = "iPad Landscape Non-Retina.png"; sourceTree = "<group>"; };
		BBC2B9F218AEF9A30009DD7F /* iPad Landscape Retina.png */ = {isa = PBXFileReference; lastKnownFileType = image.png; path = "iPad Landscape Retina.png"; sourceTree = "<group>"; };
		BBC2B9F318AEF9A30009DD7F /* iPad Portrait Non-Retina.png */ = {isa = PBXFileReference; lastKnownFileType = image.png; path = "iPad Portrait Non-Retina.png"; sourceTree = "<group>"; };
		BBC2B9F418AEF9A30009DD7F /* iPad Portrait Retina.png */ = {isa = PBXFileReference; lastKnownFileType = image.png; path = "iPad Portrait Retina.png"; sourceTree = "<group>"; };
/* End PBXFileReference section */

/* Begin PBXFrameworksBuildPhase section */
		0ADF1871178E2185005DA99E /* Frameworks */ = {
			isa = PBXFrameworksBuildPhase;
			buildActionMask = 2147483647;
			files = (
				0A8FBEFE179DBD1D0039BA29 /* libz.dylib in Frameworks */,
				BB7305E4189C6C06009F6DF4 /* AVFoundation.framework in Frameworks */,
				BB7305E2189C6BFA009F6DF4 /* AudioToolbox.framework in Frameworks */,
				0ADF1878178E2185005DA99E /* UIKit.framework in Frameworks */,
				0ADF187A178E2185005DA99E /* Foundation.framework in Frameworks */,
				0ADF187C178E2185005DA99E /* CoreGraphics.framework in Frameworks */,
				0ADF187E178E2185005DA99E /* GLKit.framework in Frameworks */,
				0ADF1880178E2185005DA99E /* OpenGLES.framework in Frameworks */,
			);
			runOnlyForDeploymentPostprocessing = 0;
		};
/* End PBXFrameworksBuildPhase section */

/* Begin PBXGroup section */
		0A8FBF6A179DF0BC0039BA29 /* libpng */ = {
			isa = PBXGroup;
			children = (
				0A8FBF4A179DF0B80039BA29 /* png.c */,
				BB430E1E189313C600E4EAE1 /* png.h */,
				BB430E1F189313C600E4EAE1 /* pngconf.h */,
				BB430E20189313C600E4EAE1 /* pngdebug.h */,
				0A8FBF4B179DF0B80039BA29 /* pngerror.c */,
				0A8FBF4C179DF0B80039BA29 /* pngget.c */,
				BB430E21189313C600E4EAE1 /* pnginfo.h */,
				BB430E22189313C600E4EAE1 /* pnglibconf.h */,
				0A8FBF4E179DF0B80039BA29 /* pngmem.c */,
				0A8FBF4F179DF0B80039BA29 /* pngpread.c */,
				BB430E23189313C600E4EAE1 /* pngpriv.h */,
				0A8FBF50179DF0B80039BA29 /* pngread.c */,
				0A8FBF51179DF0B80039BA29 /* pngrio.c */,
				0A8FBF52179DF0B80039BA29 /* pngrtran.c */,
				0A8FBF53179DF0B80039BA29 /* pngrutil.c */,
				0A8FBF54179DF0B80039BA29 /* pngset.c */,
				BB430E24189313C600E4EAE1 /* pngstruct.h */,
				0A8FBF55179DF0B80039BA29 /* pngtrans.c */,
				0A8FBF56179DF0B80039BA29 /* pngwio.c */,
				0A8FBF57179DF0B80039BA29 /* pngwrite.c */,
				0A8FBF58179DF0B80039BA29 /* pngwtran.c */,
				0A8FBF59179DF0B80039BA29 /* pngwutil.c */,
			);
			name = libpng;
			sourceTree = "<group>";
		};
		0ADF186B178E2185005DA99E = {
			isa = PBXGroup;
			children = (
				0A8FBF6A179DF0BC0039BA29 /* libpng */,
				BB4875C71AC5A5D200C6CCE9 /* core */,
				0ADF1881178E2185005DA99E /* ios */,
				0ADF1876178E2185005DA99E /* Frameworks */,
				0ADF1875178E2185005DA99E /* Products */,
			);
			sourceTree = "<group>";
		};
		0ADF1875178E2185005DA99E /* Products */ = {
			isa = PBXGroup;
			children = (
				0ADF1874178E2185005DA99E /* Tappy Plane.app */,
			);
			name = Products;
			sourceTree = "<group>";
		};
		0ADF1876178E2185005DA99E /* Frameworks */ = {
			isa = PBXGroup;
			children = (
				0A8FBEFD179DBD1D0039BA29 /* libz.dylib */,
				BB7305E3189C6C06009F6DF4 /* AVFoundation.framework */,
				BB7305E1189C6BFA009F6DF4 /* AudioToolbox.framework */,
				0ADF1877178E2185005DA99E /* UIKit.framework */,
				0ADF1879178E2185005DA99E /* Foundation.framework */,
				0ADF187B178E2185005DA99E /* CoreGraphics.framework */,
				0ADF187D178E2185005DA99E /* GLKit.framework */,
				0ADF187F178E2185005DA99E /* OpenGLES.framework */,
			);
			name = Frameworks;
			sourceTree = "<group>";
		};
		0ADF1881178E2185005DA99E /* ios */ = {
			isa = PBXGroup;
			children = (
				0ADF188A178E2185005DA99E /* AppDelegate.h */,
				0ADF188B178E2185005DA99E /* AppDelegate.m */,
				BB7305D4189C598C009F6DF4 /* AppPrefs.h */,
				BB7305D5189C598D009F6DF4 /* AppPrefs.m */,
				0ADF1896178E2185005DA99E /* MainStoryboard_iPad.storyboard */,
				0ADF1893178E2185005DA99E /* MainStoryboard_iPhone.storyboard */,
				0A8FBF6D179DF3850039BA29 /* platform_asset_utils.m */,
				0ABADED6178E2E7800DED9FD /* platform_gl.h */,
				BB7305D8189C598D009F6DF4 /* Sound.h */,
				BB7305D9189C598D009F6DF4 /* Sound.m */,
				0ADF1882178E2185005DA99E /* Supporting Files */,
				BB18E54F1AC5B1E6006B755F /* GGDDeviceUtil.h */,
				BB18E5501AC5B1E6006B755F /* GGDDeviceUtil.m */,
				0ADF189D178E2185005DA99E /* ViewController.h */,
				0ADF189E178E2185005DA99E /* ViewController.mm */,
			);
			name = ios;
			sourceTree = "<group>";
		};
		0ADF1882178E2185005DA99E /* Supporting Files */ = {
			isa = PBXGroup;
			children = (
				BBC2B9F118AEF9A30009DD7F /* iPad Landscape Non-Retina.png */,
				BBC2B9F218AEF9A30009DD7F /* iPad Landscape Retina.png */,
				BBC2B9F318AEF9A30009DD7F /* iPad Portrait Non-Retina.png */,
				BBC2B9F418AEF9A30009DD7F /* iPad Portrait Retina.png */,
				BBC2B9DF18AEF8420009DD7F /* App iPad Non-Retina.png */,
				BBC2B9E018AEF8420009DD7F /* App iPad Retina.png */,
				BBC2B9E118AEF8420009DD7F /* App iPhone Retina.png */,
				BBC2B9E218AEF8420009DD7F /* Settings iPad Non-Retina.png */,
				BBC2B9E318AEF8420009DD7F /* Settings iPad Retina.png */,
				BBC2B9E418AEF8420009DD7F /* Settings iPhone Retina.png */,
				BBC2B9E518AEF8420009DD7F /* Spotlight iPad Non-Retina.png */,
				BBC2B9E618AEF8420009DD7F /* Spotlight iPad Retina.png */,
				BBC2B9E718AEF8420009DD7F /* Spotlight iPhone Retina.png */,
				BBD079F518AA879D00E010AF /* assets */,
				0ADF1883178E2185005DA99E /* tappyplane-Info.plist */,
				0ADF1884178E2185005DA99E /* InfoPlist.strings */,
				0ADF1887178E2185005DA99E /* main.m */,
				0ADF1889178E2185005DA99E /* tappyplane-Prefix.pch */,
				0ADF188D178E2185005DA99E /* Default.png */,
				0ADF188F178E2185005DA99E /* Default@2x.png */,
				0ADF1891178E2185005DA99E /* Default-568h@2x.png */,
			);
			name = "Supporting Files";
			sourceTree = "<group>";
		};
		BB18E5611AC5B48C006B755F /* opengles */ = {
			isa = PBXGroup;
			children = (
				BB18E5621AC5B48C006B755F /* game.cpp */,
				BB18E5631AC5B48C006B755F /* game.h */,
				BB18E5641AC5B48C006B755F /* OpenGLESGameScreen.cpp */,
				BB18E5651AC5B48C006B755F /* OpenGLESGameScreen.h */,
				BB18E5661AC5B48C006B755F /* OpenGLESRenderer.cpp */,
				BB18E5671AC5B48C006B755F /* OpenGLESRenderer.h */,
			);
			path = opengles;
			sourceTree = "<group>";
		};
		BB4875C71AC5A5D200C6CCE9 /* core */ = {
			isa = PBXGroup;
			children = (
				BB4875CB1AC5A5D200C6CCE9 /* framework */,
				BB48762A1AC5A5D200C6CCE9 /* game */,
			);
			name = core;
			path = ../../core;
			sourceTree = "<group>";
		};
		BB4875CB1AC5A5D200C6CCE9 /* framework */ = {
			isa = PBXGroup;
			children = (
				BB4875CC1AC5A5D200C6CCE9 /* Circle.cpp */,
				BB4875CD1AC5A5D200C6CCE9 /* Circle.h */,
				BB4875CE1AC5A5D200C6CCE9 /* Color.h */,
				BB4875E71AC5A5D200C6CCE9 /* DynamicGameObject.cpp */,
				BB4875E81AC5A5D200C6CCE9 /* DynamicGameObject.h */,
				BB4875E91AC5A5D200C6CCE9 /* DynamicGridGameObject.cpp */,
				BB4875EA1AC5A5D200C6CCE9 /* DynamicGridGameObject.h */,
				BB4875EB1AC5A5D200C6CCE9 /* FlagUtil.h */,
				BB4875EC1AC5A5D200C6CCE9 /* GameObject.cpp */,
				BB4875ED1AC5A5D200C6CCE9 /* GameObject.h */,
				BB4875EE1AC5A5D200C6CCE9 /* GridGameObject.cpp */,
				BB4875EF1AC5A5D200C6CCE9 /* GridGameObject.h */,
				BB4875F01AC5A5D200C6CCE9 /* Line.cpp */,
				BB4875F11AC5A5D200C6CCE9 /* Line.h */,
				BB4875F21AC5A5D200C6CCE9 /* macros.h */,
				BB4875F31AC5A5D200C6CCE9 /* Node.h */,
				BB4875F41AC5A5D200C6CCE9 /* opengles */,
				BB4876111AC5A5D200C6CCE9 /* OverlapTester.cpp */,
				BB4876121AC5A5D200C6CCE9 /* OverlapTester.h */,
				BB4876131AC5A5D200C6CCE9 /* pch.h */,
				BB4876141AC5A5D200C6CCE9 /* Rectangle.cpp */,
				BB4876151AC5A5D200C6CCE9 /* Rectangle.h */,
				BB4876161AC5A5D200C6CCE9 /* Triangle.cpp */,
				BB4876171AC5A5D200C6CCE9 /* Triangle.h */,
				BB4876181AC5A5D200C6CCE9 /* ui */,
				BB4876281AC5A5D200C6CCE9 /* Vector2D.cpp */,
				BB4876291AC5A5D200C6CCE9 /* Vector2D.h */,
			);
			path = framework;
			sourceTree = "<group>";
		};
		BB4875F41AC5A5D200C6CCE9 /* opengles */ = {
			isa = PBXGroup;
			children = (
				BB4875F51AC5A5D200C6CCE9 /* asset_utils.c */,
				BB4875F61AC5A5D200C6CCE9 /* asset_utils.h */,
				BB4875F71AC5A5D200C6CCE9 /* color_shader.fsh */,
				BB4875F81AC5A5D200C6CCE9 /* color_shader.vsh */,
				BB4875F91AC5A5D200C6CCE9 /* image.c */,
				BB4875FA1AC5A5D200C6CCE9 /* image.h */,
				BB4875FB1AC5A5D200C6CCE9 /* linmath.h */,
				BB4875FC1AC5A5D200C6CCE9 /* OpenGLESCircleBatcher.cpp */,
				BB4875FD1AC5A5D200C6CCE9 /* OpenGLESCircleBatcher.h */,
				BB4875FE1AC5A5D200C6CCE9 /* OpenGLESLineBatcher.cpp */,
				BB4875FF1AC5A5D200C6CCE9 /* OpenGLESLineBatcher.h */,
				BB4876001AC5A5D200C6CCE9 /* OpenGLESManager.cpp */,
				BB4876011AC5A5D200C6CCE9 /* OpenGLESManager.h */,
				BB4876021AC5A5D200C6CCE9 /* OpenGLESProgram.cpp */,
				BB4876031AC5A5D200C6CCE9 /* OpenGLESProgram.h */,
				BB4876041AC5A5D200C6CCE9 /* OpenGLESRectangleBatcher.cpp */,
				BB4876051AC5A5D200C6CCE9 /* OpenGLESRectangleBatcher.h */,
				BB4876061AC5A5D200C6CCE9 /* OpenGLESSpriteBatcher.cpp */,
				BB4876071AC5A5D200C6CCE9 /* OpenGLESSpriteBatcher.h */,
				BB4876081AC5A5D200C6CCE9 /* platform_asset_utils.h */,
				BB4876091AC5A5D200C6CCE9 /* platform_file_utils.c */,
				BB48760A1AC5A5D200C6CCE9 /* platform_file_utils.h */,
				BB48760B1AC5A5D200C6CCE9 /* shader.c */,
				BB48760C1AC5A5D200C6CCE9 /* shader.h */,
				BB48760F1AC5A5D200C6CCE9 /* texture_shader.fsh */,
				BB4876101AC5A5D200C6CCE9 /* texture_shader.vsh */,
				BB48760D1AC5A5D200C6CCE9 /* texture.c */,
				BB48760E1AC5A5D200C6CCE9 /* texture.h */,
			);
			path = opengles;
			sourceTree = "<group>";
		};
		BB4876181AC5A5D200C6CCE9 /* ui */ = {
			isa = PBXGroup;
			children = (
				BB4876191AC5A5D200C6CCE9 /* CircleBatcher.cpp */,
				BB48761A1AC5A5D200C6CCE9 /* CircleBatcher.h */,
				BB48761B1AC5A5D200C6CCE9 /* Font.cpp */,
				BB48761C1AC5A5D200C6CCE9 /* Font.h */,
				BB48761D1AC5A5D200C6CCE9 /* LineBatcher.cpp */,
				BB48761E1AC5A5D200C6CCE9 /* LineBatcher.h */,
				BB48761F1AC5A5D200C6CCE9 /* RectangleBatcher.cpp */,
				BB4876201AC5A5D200C6CCE9 /* RectangleBatcher.h */,
				BB4876211AC5A5D200C6CCE9 /* SpriteBatcher.cpp */,
				BB4876221AC5A5D200C6CCE9 /* SpriteBatcher.h */,
				BB4876231AC5A5D200C6CCE9 /* TextureRegion.cpp */,
				BB4876241AC5A5D200C6CCE9 /* TextureRegion.h */,
				BB4876251AC5A5D200C6CCE9 /* TextureWrapper.h */,
				BB4876261AC5A5D200C6CCE9 /* TouchEvent.cpp */,
				BB4876271AC5A5D200C6CCE9 /* TouchEvent.h */,
			);
			path = ui;
			sourceTree = "<group>";
		};
		BB48762A1AC5A5D200C6CCE9 /* game */ = {
			isa = PBXGroup;
			children = (
				BB18E5521AC5B48C006B755F /* Assets.cpp */,
				BB18E5531AC5B48C006B755F /* Assets.h */,
				BB18E5541AC5B48C006B755F /* EnvironmentType.h */,
				BB18E5551AC5B48C006B755F /* GameButton.cpp */,
				BB18E5561AC5B48C006B755F /* GameButton.h */,
				BB18E5571AC5B48C006B755F /* GameConstants.h */,
				BB18E5831AC5B58A006B755F /* GameListener.cpp */,
				BB18E5841AC5B58A006B755F /* GameListener.h */,
				BB18E55A1AC5B48C006B755F /* GameScreen.cpp */,
				BB18E55B1AC5B48C006B755F /* GameScreen.h */,
				BB18E55C1AC5B48C006B755F /* GameState.h */,
				BB18E55D1AC5B48C006B755F /* Glove.cpp */,
				BB18E55E1AC5B48C006B755F /* Glove.h */,
				BB18E55F1AC5B48C006B755F /* Obstacle.cpp */,
				BB18E5601AC5B48C006B755F /* Obstacle.h */,
				BB18E5611AC5B48C006B755F /* opengles */,
				BB18E5681AC5B48C006B755F /* PlaneDynamicGameObject.cpp */,
				BB18E5691AC5B48D006B755F /* PlaneDynamicGameObject.h */,
				BB18E56A1AC5B48D006B755F /* PlaneType.h */,
				BB18E56B1AC5B48D006B755F /* PuffCloud.cpp */,
				BB18E56C1AC5B48D006B755F /* PuffCloud.h */,
				BB18E56D1AC5B48D006B755F /* Renderer.cpp */,
				BB18E56E1AC5B48D006B755F /* Renderer.h */,
				BB18E56F1AC5B48D006B755F /* ResourceConstants.h */,
				BB18E5701AC5B48D006B755F /* ScreenState.h */,
				BB18E5711AC5B48D006B755F /* SpikeGameObject.cpp */,
				BB18E5721AC5B48D006B755F /* SpikeGameObject.h */,
				BB18E5731AC5B48D006B755F /* World.cpp */,
				BB18E5741AC5B48D006B755F /* World.h */,
			);
			path = game;
			sourceTree = "<group>";
		};
		BBD079F518AA879D00E010AF /* assets */ = {
			isa = PBXGroup;
			children = (
				BBA2EE6A18B6644200664736 /* background.png */,
				BB861EB618AAE93400A00266 /* game.png */,
				BBAE1A6F18B916D40079D8DA /* ascend.caf */,
				BBAE1A7018B916D40079D8DA /* hit.caf */,
				BBAE1A7118B916D40079D8DA /* land.caf */,
				BBAE1A7218B916D40079D8DA /* score.caf */,
			);
			path = assets;
			sourceTree = "<group>";
		};
/* End PBXGroup section */

/* Begin PBXNativeTarget section */
		0ADF1873178E2185005DA99E /* tappyplane */ = {
			isa = PBXNativeTarget;
			buildConfigurationList = 0ADF18A2178E2185005DA99E /* Build configuration list for PBXNativeTarget "tappyplane" */;
			buildPhases = (
				0ADF1870178E2185005DA99E /* Sources */,
				0ADF1871178E2185005DA99E /* Frameworks */,
				0ADF1872178E2185005DA99E /* Resources */,
			);
			buildRules = (
			);
			dependencies = (
			);
			name = tappyplane;
			productName = airhockey;
			productReference = 0ADF1874178E2185005DA99E /* Tappy Plane.app */;
			productType = "com.apple.product-type.application";
		};
/* End PBXNativeTarget section */

/* Begin PBXProject section */
		0ADF186C178E2185005DA99E /* Project object */ = {
			isa = PBXProject;
			attributes = {
				LastUpgradeCheck = 0460;
				ORGANIZATIONNAME = "Techne Games";
				TargetAttributes = {
					0ADF1873178E2185005DA99E = {
						DevelopmentTeam = 83V22B9TY9;
					};
				};
			};
			buildConfigurationList = 0ADF186F178E2185005DA99E /* Build configuration list for PBXProject "tappyplane" */;
			compatibilityVersion = "Xcode 3.2";
			developmentRegion = English;
			hasScannedForEncodings = 0;
			knownRegions = (
				en,
			);
			mainGroup = 0ADF186B178E2185005DA99E;
			productRefGroup = 0ADF1875178E2185005DA99E /* Products */;
			projectDirPath = "";
			projectRoot = "";
			targets = (
				0ADF1873178E2185005DA99E /* tappyplane */,
			);
		};
/* End PBXProject section */

/* Begin PBXResourcesBuildPhase section */
		0ADF1872178E2185005DA99E /* Resources */ = {
			isa = PBXResourcesBuildPhase;
			buildActionMask = 2147483647;
			files = (
				0ADF1886178E2185005DA99E /* InfoPlist.strings in Resources */,
				BBC2B9F818AEF9A30009DD7F /* iPad Portrait Retina.png in Resources */,
				0ADF188E178E2185005DA99E /* Default.png in Resources */,
				BBC2B9EC18AEF8420009DD7F /* Settings iPad Retina.png in Resources */,
				BBC2B9ED18AEF8420009DD7F /* Settings iPhone Retina.png in Resources */,
				BB4876741AC5A5D200C6CCE9 /* color_shader.fsh in Resources */,
				BBC2B9EE18AEF8420009DD7F /* Spotlight iPad Non-Retina.png in Resources */,
				BB4876801AC5A5D200C6CCE9 /* texture_shader.fsh in Resources */,
				0ADF1890178E2185005DA99E /* Default@2x.png in Resources */,
				BBAE1A7518B916D40079D8DA /* land.caf in Resources */,
				BBAE1A7618B916D40079D8DA /* score.caf in Resources */,
				BB4876751AC5A5D200C6CCE9 /* color_shader.vsh in Resources */,
				BBC2B9EF18AEF8420009DD7F /* Spotlight iPad Retina.png in Resources */,
				BBC2B9F518AEF9A30009DD7F /* iPad Landscape Non-Retina.png in Resources */,
				BBC2B9F618AEF9A30009DD7F /* iPad Landscape Retina.png in Resources */,
				BBA2EE6B18B6644200664736 /* background.png in Resources */,
				BBAE1A7418B916D40079D8DA /* hit.caf in Resources */,
				0ADF1892178E2185005DA99E /* Default-568h@2x.png in Resources */,
				BBC2B9EB18AEF8420009DD7F /* Settings iPad Non-Retina.png in Resources */,
				0ADF1895178E2185005DA99E /* MainStoryboard_iPhone.storyboard in Resources */,
				BBC2B9E918AEF8420009DD7F /* App iPad Retina.png in Resources */,
				BBC2B9E818AEF8420009DD7F /* App iPad Non-Retina.png in Resources */,
				BB4876811AC5A5D200C6CCE9 /* texture_shader.vsh in Resources */,
				BBC2B9EA18AEF8420009DD7F /* App iPhone Retina.png in Resources */,
				BBC2B9F018AEF8420009DD7F /* Spotlight iPhone Retina.png in Resources */,
				0ADF1898178E2185005DA99E /* MainStoryboard_iPad.storyboard in Resources */,
				BBAE1A7318B916D40079D8DA /* ascend.caf in Resources */,
				BB861EB718AAE93400A00266 /* game.png in Resources */,
				BBC2B9F718AEF9A30009DD7F /* iPad Portrait Non-Retina.png in Resources */,
			);
			runOnlyForDeploymentPostprocessing = 0;
		};
/* End PBXResourcesBuildPhase section */

/* Begin PBXSourcesBuildPhase section */
		0ADF1870178E2185005DA99E /* Sources */ = {
			isa = PBXSourcesBuildPhase;
			buildActionMask = 2147483647;
			files = (
				BB7305DA189C598D009F6DF4 /* AppPrefs.m in Sources */,
				BB18E57E1AC5B48D006B755F /* PlaneDynamicGameObject.cpp in Sources */,
				BB18E5781AC5B48D006B755F /* GameScreen.cpp in Sources */,
				0A8FBF8D179E07440039BA29 /* platform_asset_utils.m in Sources */,
				0A8FBF8E179E07440039BA29 /* AppDelegate.m in Sources */,
				0A8FBF8F179E07440039BA29 /* ViewController.mm in Sources */,
				0A8FBF90179E07440039BA29 /* main.m in Sources */,
				BB18E5851AC5B58A006B755F /* GameListener.cpp in Sources */,
				BB18E57B1AC5B48D006B755F /* game.cpp in Sources */,
				0A8FBF7C179E07320039BA29 /* png.c in Sources */,
				0A8FBF7D179E07320039BA29 /* pngerror.c in Sources */,
				0A8FBF7E179E07320039BA29 /* pngget.c in Sources */,
				BB48767F1AC5A5D200C6CCE9 /* texture.c in Sources */,
				BB48767C1AC5A5D200C6CCE9 /* OpenGLESSpriteBatcher.cpp in Sources */,
				0A8FBF7F179E07320039BA29 /* pngmem.c in Sources */,
				BB48768C1AC5A5D200C6CCE9 /* Vector2D.cpp in Sources */,
				0A8FBF80179E07320039BA29 /* pngpread.c in Sources */,
				0A8FBF81179E07320039BA29 /* pngread.c in Sources */,
				0A8FBF82179E07320039BA29 /* pngrio.c in Sources */,
				BB4876611AC5A5D200C6CCE9 /* Circle.cpp in Sources */,
				BB18E5511AC5B1E6006B755F /* GGDDeviceUtil.m in Sources */,
				BB4876771AC5A5D200C6CCE9 /* OpenGLESCircleBatcher.cpp in Sources */,
				BB18E57C1AC5B48D006B755F /* OpenGLESGameScreen.cpp in Sources */,
				BB48767D1AC5A5D200C6CCE9 /* platform_file_utils.c in Sources */,
				BB4876831AC5A5D200C6CCE9 /* Rectangle.cpp in Sources */,
				0A8FBF83179E07320039BA29 /* pngrtran.c in Sources */,
				BB18E57A1AC5B48D006B755F /* Obstacle.cpp in Sources */,
				BB4876851AC5A5D200C6CCE9 /* CircleBatcher.cpp in Sources */,
				BB48768A1AC5A5D200C6CCE9 /* TextureRegion.cpp in Sources */,
				BB48767A1AC5A5D200C6CCE9 /* OpenGLESProgram.cpp in Sources */,
				BB18E5811AC5B48D006B755F /* SpikeGameObject.cpp in Sources */,
				BB4876731AC5A5D200C6CCE9 /* asset_utils.c in Sources */,
				BB4876721AC5A5D200C6CCE9 /* Line.cpp in Sources */,
				BB4876841AC5A5D200C6CCE9 /* Triangle.cpp in Sources */,
				BB4876781AC5A5D200C6CCE9 /* OpenGLESLineBatcher.cpp in Sources */,
				BB4876791AC5A5D200C6CCE9 /* OpenGLESManager.cpp in Sources */,
				BB48767E1AC5A5D200C6CCE9 /* shader.c in Sources */,
				BB18E5761AC5B48D006B755F /* GameButton.cpp in Sources */,
				BB4876891AC5A5D200C6CCE9 /* SpriteBatcher.cpp in Sources */,
				0A8FBF84179E07320039BA29 /* pngrutil.c in Sources */,
				BB48767B1AC5A5D200C6CCE9 /* OpenGLESRectangleBatcher.cpp in Sources */,
				BB7305DC189C598D009F6DF4 /* Sound.m in Sources */,
				0A8FBF85179E07320039BA29 /* pngset.c in Sources */,
				0A8FBF86179E07320039BA29 /* pngtrans.c in Sources */,
				BB48768B1AC5A5D200C6CCE9 /* TouchEvent.cpp in Sources */,
				BB4876821AC5A5D200C6CCE9 /* OverlapTester.cpp in Sources */,
				BB18E57D1AC5B48D006B755F /* OpenGLESRenderer.cpp in Sources */,
				BB4876871AC5A5D200C6CCE9 /* LineBatcher.cpp in Sources */,
				BB18E5821AC5B48D006B755F /* World.cpp in Sources */,
				BB18E5751AC5B48D006B755F /* Assets.cpp in Sources */,
				BB4876711AC5A5D200C6CCE9 /* GridGameObject.cpp in Sources */,
				BB18E57F1AC5B48D006B755F /* PuffCloud.cpp in Sources */,
				BB18E5801AC5B48D006B755F /* Renderer.cpp in Sources */,
				BB18E5791AC5B48D006B755F /* Glove.cpp in Sources */,
				0A8FBF87179E07320039BA29 /* pngwio.c in Sources */,
				0A8FBF88179E07320039BA29 /* pngwrite.c in Sources */,
				BB4876881AC5A5D200C6CCE9 /* RectangleBatcher.cpp in Sources */,
				0A8FBF89179E07320039BA29 /* pngwtran.c in Sources */,
				BB48766F1AC5A5D200C6CCE9 /* DynamicGridGameObject.cpp in Sources */,
				BB48766E1AC5A5D200C6CCE9 /* DynamicGameObject.cpp in Sources */,
				0A8FBF8A179E07320039BA29 /* pngwutil.c in Sources */,
				BB4876761AC5A5D200C6CCE9 /* image.c in Sources */,
				BB4876701AC5A5D200C6CCE9 /* GameObject.cpp in Sources */,
				BB4876861AC5A5D200C6CCE9 /* Font.cpp in Sources */,
			);
			runOnlyForDeploymentPostprocessing = 0;
		};
/* End PBXSourcesBuildPhase section */

/* Begin PBXVariantGroup section */
		0ADF1884178E2185005DA99E /* InfoPlist.strings */ = {
			isa = PBXVariantGroup;
			children = (
				0ADF1885178E2185005DA99E /* en */,
			);
			name = InfoPlist.strings;
			sourceTree = "<group>";
		};
		0ADF1893178E2185005DA99E /* MainStoryboard_iPhone.storyboard */ = {
			isa = PBXVariantGroup;
			children = (
				0ADF1894178E2185005DA99E /* en */,
			);
			name = MainStoryboard_iPhone.storyboard;
			sourceTree = "<group>";
		};
		0ADF1896178E2185005DA99E /* MainStoryboard_iPad.storyboard */ = {
			isa = PBXVariantGroup;
			children = (
				0ADF1897178E2185005DA99E /* en */,
			);
			name = MainStoryboard_iPad.storyboard;
			sourceTree = "<group>";
		};
/* End PBXVariantGroup section */

/* Begin XCBuildConfiguration section */
		0ADF18A0178E2185005DA99E /* Debug */ = {
			isa = XCBuildConfiguration;
			buildSettings = {
				ALWAYS_SEARCH_USER_PATHS = NO;
				CLANG_CXX_LANGUAGE_STANDARD = "c++0x";
				CLANG_CXX_LIBRARY = "libc++";
				CLANG_ENABLE_OBJC_ARC = YES;
				CLANG_WARN_CONSTANT_CONVERSION = YES;
				CLANG_WARN_EMPTY_BODY = YES;
				CLANG_WARN_ENUM_CONVERSION = YES;
				CLANG_WARN_INT_CONVERSION = YES;
				CLANG_WARN__DUPLICATE_METHOD_MATCH = YES;
				"CODE_SIGN_IDENTITY[sdk=iphoneos*]" = "iPhone Developer";
				COPY_PHASE_STRIP = NO;
				GCC_C_LANGUAGE_STANDARD = c11;
				GCC_DYNAMIC_NO_PIC = NO;
				GCC_OPTIMIZATION_LEVEL = 0;
				GCC_PREPROCESSOR_DEFINITIONS = (
					"DEBUG=1",
					"$(inherited)",
				);
				GCC_SYMBOLS_PRIVATE_EXTERN = NO;
				GCC_WARN_ABOUT_RETURN_TYPE = YES;
				GCC_WARN_UNINITIALIZED_AUTOS = YES;
				GCC_WARN_UNUSED_VARIABLE = YES;
				IPHONEOS_DEPLOYMENT_TARGET = 6.1;
				ONLY_ACTIVE_ARCH = YES;
				OTHER_LDFLAGS = "-std=c++0x";
				SDKROOT = iphoneos;
				TARGETED_DEVICE_FAMILY = "1,2";
			};
			name = Debug;
		};
		0ADF18A1178E2185005DA99E /* Release */ = {
			isa = XCBuildConfiguration;
			buildSettings = {
				ALWAYS_SEARCH_USER_PATHS = NO;
				CLANG_CXX_LANGUAGE_STANDARD = "c++0x";
				CLANG_CXX_LIBRARY = "libc++";
				CLANG_ENABLE_OBJC_ARC = YES;
				CLANG_WARN_CONSTANT_CONVERSION = YES;
				CLANG_WARN_EMPTY_BODY = YES;
				CLANG_WARN_ENUM_CONVERSION = YES;
				CLANG_WARN_INT_CONVERSION = YES;
				CLANG_WARN__DUPLICATE_METHOD_MATCH = YES;
				"CODE_SIGN_IDENTITY[sdk=iphoneos*]" = "iPhone Developer";
				COPY_PHASE_STRIP = YES;
				GCC_C_LANGUAGE_STANDARD = c11;
				GCC_PREPROCESSOR_DEFINITIONS = TECHNE_GAMES_OPENGL_ES;
				GCC_WARN_ABOUT_RETURN_TYPE = YES;
				GCC_WARN_UNINITIALIZED_AUTOS = YES;
				GCC_WARN_UNUSED_VARIABLE = YES;
				IPHONEOS_DEPLOYMENT_TARGET = 6.1;
				OTHER_CFLAGS = "-DNS_BLOCK_ASSERTIONS=1";
				OTHER_LDFLAGS = "-std=c++0x";
				SDKROOT = iphoneos;
				TARGETED_DEVICE_FAMILY = "1,2";
				VALIDATE_PRODUCT = YES;
			};
			name = Release;
		};
		0ADF18A3178E2185005DA99E /* Debug */ = {
			isa = XCBuildConfiguration;
			buildSettings = {
				CLANG_WARN_CXX0X_EXTENSIONS = YES;
				CODE_SIGN_IDENTITY = "iPhone Developer";
				"CODE_SIGN_IDENTITY[sdk=iphoneos*]" = "iPhone Developer";
				COMPRESS_PNG_FILES = NO;
				FRAMEWORK_SEARCH_PATHS = "";
				GCC_PRECOMPILE_PREFIX_HEADER = YES;
				GCC_PREFIX_HEADER = "tappyplane-Prefix.pch";
				GCC_PREPROCESSOR_DEFINITIONS = (
					TECHNE_GAMES_OPENGL_ES,
					"DEBUG=1",
					TECHNE_GAMES_IOS,
				);
				HEADER_SEARCH_PATHS = (
					"\"$(SRCROOT)/../../core\"",
					"\"$(SRCROOT)/../common\"",
					"\"$(SRCROOT)/../../3rdparty\"/**",
				);
				INFOPLIST_FILE = "tappyplane-Info.plist";
				IPHONEOS_DEPLOYMENT_TARGET = 7.0;
				LIBRARY_SEARCH_PATHS = "";
				OTHER_LDFLAGS = (
					"-std=c++0x",
					"-lstdc++",
					"-ObjC\n",
				);
				PRODUCT_NAME = "Tappy Plane";
				PROVISIONING_PROFILE = "";
				WRAPPER_EXTENSION = app;
			};
			name = Debug;
		};
		0ADF18A4178E2185005DA99E /* Release */ = {
			isa = XCBuildConfiguration;
			buildSettings = {
				CLANG_WARN_CXX0X_EXTENSIONS = YES;
				CODE_SIGN_IDENTITY = "iPhone Distribution";
				"CODE_SIGN_IDENTITY[sdk=iphoneos*]" = "iPhone Distribution";
				COMPRESS_PNG_FILES = NO;
				FRAMEWORK_SEARCH_PATHS = "";
				GCC_PRECOMPILE_PREFIX_HEADER = YES;
				GCC_PREFIX_HEADER = "tappyplane-Prefix.pch";
				GCC_PREPROCESSOR_DEFINITIONS = (
					TECHNE_GAMES_OPENGL_ES,
					TECHNE_GAMES_IOS,
				);
				HEADER_SEARCH_PATHS = (
					"\"$(SRCROOT)/../../core\"",
					"\"$(SRCROOT)/../common\"",
					"\"$(SRCROOT)/../../3rdparty\"/**",
				);
				INFOPLIST_FILE = "tappyplane-Info.plist";
				IPHONEOS_DEPLOYMENT_TARGET = 7.0;
				LIBRARY_SEARCH_PATHS = "";
				OTHER_LDFLAGS = (
					"-std=c++0x",
					"-lstdc++",
					"-ObjC\n",
				);
				PRODUCT_NAME = "Tappy Plane";
				PROVISIONING_PROFILE = "";
				WRAPPER_EXTENSION = app;
			};
			name = Release;
		};
/* End XCBuildConfiguration section */

/* Begin XCConfigurationList section */
		0ADF186F178E2185005DA99E /* Build configuration list for PBXProject "tappyplane" */ = {
			isa = XCConfigurationList;
			buildConfigurations = (
				0ADF18A0178E2185005DA99E /* Debug */,
				0ADF18A1178E2185005DA99E /* Release */,
			);
			defaultConfigurationIsVisible = 0;
			defaultConfigurationName = Release;
		};
		0ADF18A2178E2185005DA99E /* Build configuration list for PBXNativeTarget "tappyplane" */ = {
			isa = XCConfigurationList;
			buildConfigurations = (
				0ADF18A3178E2185005DA99E /* Debug */,
				0ADF18A4178E2185005DA99E /* Release */,
			);
			defaultConfigurationIsVisible = 0;
			defaultConfigurationName = Release;
		};
/* End XCConfigurationList section */
	};
	rootObject = 0ADF186C178E2185005DA99E /* Project object */;
}
